
Microsoft Visual Studio Solution File, Format Version 12.00
# Visual Studio Version 16
VisualStudioVersion = 16.0.31205.134
MinimumVisualStudioVersion = 10.0.40219.1
Project("{8BC9CEB8-8B4A-11D0-8D11-00A0C91BC942}") = "MO2", "MO2\MO2.vcxproj", "{63622BDA-13C7-4216-9EA9-AF2D53683616}"
EndProject
Global
	GlobalSection(SolutionConfigurationPlatforms) = preSolution
		Debug|x64 = Debug|x64
		Debug|x86 = Debug|x86
		Release|x64 = Release|x64
		Release|x86 = Release|x86
	EndGlobalSection
	GlobalSection(ProjectConfigurationPlatforms) = postSolution
		{63622BDA-13C7-4216-9EA9-AF2D53683616}.Debug|x64.ActiveCfg = Debug|x64
		{63622BDA-13C7-4216-9EA9-AF2D53683616}.Debug|x64.Build.0 = Debug|x64
		{63622BDA-13C7-4216-9EA9-AF2D53683616}.Debug|x86.ActiveCfg = Debug|Win32
		{63622BDA-13C7-4216-9EA9-AF2D53683616}.Debug|x86.Build.0 = Debug|Win32
		{63622BDA-13C7-4216-9EA9-AF2D53683616}.Release|x64.ActiveCfg = Release|x64
		{63622BDA-13C7-4216-9EA9-AF2D53683616}.Release|x64.Build.0 = Release|x64
		{63622BDA-13C7-4216-9EA9-AF2D53683616}.Release|x86.ActiveCfg = Release|Win32
		{63622BDA-13C7-4216-9EA9-AF2D53683616}.Release|x86.Build.0 = Release|Win32
	EndGlobalSection
	GlobalSection(SolutionProperties) = preSolution
		HideSolutionNode = FALSE
	EndGlobalSection
	GlobalSection(ExtensibilityGlobals) = postSolution
		SolutionGuid = {9A6411BF-F094-444B-8CC5-5D810EFB6D00}
	EndGlobalSection
EndGlobal
